
Microsoft Visual Studio Solution File, Format Version 12.00
# Visual Studio Version 17
VisualStudioVersion = 17.1.32421.90
MinimumVisualStudioVersion = 10.0.40219.1
Project("{FAE04EC0-301F-11D3-BF4B-00C04F79EFBC}") = "LaporPinjol", "LaporPinjol\LaporPinjol.csproj", "{431C2487-ED24-49D4-B4D1-5A92D47A878D}"
EndProject
Global
	GlobalSection(SolutionConfigurationPlatforms) = preSolution
		Debug|Any CPU = Debug|Any CPU
		Release|Any CPU = Release|Any CPU
	EndGlobalSection
	GlobalSection(ProjectConfigurationPlatforms) = postSolution
		{431C2487-ED24-49D4-B4D1-5A92D47A878D}.Debug|Any CPU.ActiveCfg = Debug|Any CPU
		{431C2487-ED24-49D4-B4D1-5A92D47A878D}.Debug|Any CPU.Build.0 = Debug|Any CPU
		{431C2487-ED24-49D4-B4D1-5A92D47A878D}.Release|Any CPU.ActiveCfg = Release|Any CPU
		{431C2487-ED24-49D4-B4D1-5A92D47A878D}.Release|Any CPU.Build.0 = Release|Any CPU
	EndGlobalSection
	GlobalSection(SolutionProperties) = preSolution
		HideSolutionNode = FALSE
	EndGlobalSection
	GlobalSection(ExtensibilityGlobals) = postSolution
		SolutionGuid = {914E3B28-9323-496C-BBD8-7E88A465720E}
	EndGlobalSection
EndGlobal
